{
    "_readme": [
        "This file locks the dependencies of your project to a known state",
        "Read more about it at https://getcomposer.org/doc/01-basic-usage.md#installing-dependencies",
        "This file is @generated automatically"
    ],
    "content-hash": "c25e45aca9d18628d862f3b8a51a031f",
    "packages": [
        {
            "name": "kameli/quickpay-v10",
            "version": "v6.2.0",
            "source": {
                "type": "git",
                "url": "https://github.com/danielboendergaard/quickpay-v10.git",
                "reference": "c3f454f074ebf171f8689945dc65bcb6d5ea9be0"
            },
            "dist": {
                "type": "zip",
                "url": "https://api.github.com/repos/danielboendergaard/quickpay-v10/zipball/c3f454f074ebf171f8689945dc65bcb6d5ea9be0",
                "reference": "c3f454f074ebf171f8689945dc65bcb6d5ea9be0",
                "shasum": ""
            },
            "require": {
                "ext-curl": "*",
                "php": ">=5.5"
            },
            "require-dev": {
                "symfony/var-dumper": "^4.3",
                "tightenco/collect": "^5.8"
            },
            "type": "library",
            "autoload": {
                "psr-4": {
                    "Kameli\\Quickpay\\": "src/"
                }
            },
            "notification-url": "https://packagist.org/downloads/",
            "license": [
                "MIT"
            ],
            "authors": [
                {
                    "name": "Daniel Bøndergaard",
                    "email": "danielboendergaard@gmail.com"
                }
            ],
            "description": "A library to communicate with the Danish payment gateway Quickpay",
            "keywords": [
                "api",
                "form",
                "gateway",
                "payment",
                "quickpay",
                "v10"
            ],
            "time": "2019-08-08T12:06:20+00:00"
        }
    ],
    "packages-dev": [],
    "aliases": [],
    "minimum-stability": "stable",
    "stability-flags": [],
    "prefer-stable": false,
    "prefer-lowest": false,
    "platform": [],
    "platform-dev": []
}
